{
  "originHash" : "17a050337f0e3ac0b3c3a272e87076653e00798c96e326e00f02b02123edbbd2",
  "pins" : [
    {
      "identity" : "licensekit",
      "kind" : "remoteSourceControl",
      "location" : "https://github.com/LicenseKit/LicenseKit.git",
      "state" : {
        "revision" : "a3ce0d163c898ce7ed2310c6cee44c1634db49c2",
        "version" : "1.4.1"
      }
    }
  ],
  "version" : 3
}
