{
  "originHash" : "0a8dc2483c642dab0497433857ef23b58c9cb753f2f9c8781f0b1c7363a6a56a",
  "pins" : [
    {
      "identity" : "licensekit",
      "kind" : "remoteSourceControl",
      "location" : "https://github.com/LicenseKit/LicenseKit.git",
      "state" : {
        "revision" : "e63dad8bfa48b23687ee94012d4204e482551768",
        "version" : "2.2.6"
      }
    }
  ],
  "version" : 3
}
